
Microsoft Visual Studio Solution File, Format Version 12.00
# Visual Studio Version 17
VisualStudioVersion = 17.14.36623.8
MinimumVisualStudioVersion = 10.0.40219.1
Project("{FAE04EC0-301F-11D3-BF4B-00C04F79EFBC}") = "InManSys", "InManSys\InManSys.csproj", "{85EEAA10-B86C-4BB6-B2D5-9502C6272BF4}"
EndProject
Global
	GlobalSection(SolutionConfigurationPlatforms) = preSolution
		Debug|Any CPU = Debug|Any CPU
		Release|Any CPU = Release|Any CPU
	EndGlobalSection
	GlobalSection(ProjectConfigurationPlatforms) = postSolution
		{85EEAA10-B86C-4BB6-B2D5-9502C6272BF4}.Debug|Any CPU.ActiveCfg = Debug|Any CPU
		{85EEAA10-B86C-4BB6-B2D5-9502C6272BF4}.Debug|Any CPU.Build.0 = Debug|Any CPU
		{85EEAA10-B86C-4BB6-B2D5-9502C6272BF4}.Release|Any CPU.ActiveCfg = Release|Any CPU
		{85EEAA10-B86C-4BB6-B2D5-9502C6272BF4}.Release|Any CPU.Build.0 = Release|Any CPU
	EndGlobalSection
	GlobalSection(SolutionProperties) = preSolution
		HideSolutionNode = FALSE
	EndGlobalSection
	GlobalSection(ExtensibilityGlobals) = postSolution
		SolutionGuid = {61CEE8B0-8693-4B44-B029-FBD0B001F7EA}
	EndGlobalSection
EndGlobal
